
Microsoft Visual Studio Solution File, Format Version 12.00
# Visual Studio Version 17
VisualStudioVersion = 17.3.32929.385
MinimumVisualStudioVersion = 10.0.40219.1
Project("{888888A0-9F3D-457C-B088-3A5042F75D52}") = "104A_HW2", "104A_HW2\104A_HW2.pyproj", "{B83EFCF9-E796-4F7E-8244-CB6EDCBD81BC}"
EndProject
Global
	GlobalSection(SolutionConfigurationPlatforms) = preSolution
		Debug|Any CPU = Debug|Any CPU
		Release|Any CPU = Release|Any CPU
	EndGlobalSection
	GlobalSection(ProjectConfigurationPlatforms) = postSolution
		{B83EFCF9-E796-4F7E-8244-CB6EDCBD81BC}.Debug|Any CPU.ActiveCfg = Debug|Any CPU
		{B83EFCF9-E796-4F7E-8244-CB6EDCBD81BC}.Release|Any CPU.ActiveCfg = Release|Any CPU
	EndGlobalSection
	GlobalSection(SolutionProperties) = preSolution
		HideSolutionNode = FALSE
	EndGlobalSection
	GlobalSection(ExtensibilityGlobals) = postSolution
		SolutionGuid = {D517995C-2A03-411F-ACDB-3B2C62460E8A}
	EndGlobalSection
EndGlobal
